
Microsoft Visual Studio Solution File, Format Version 12.00
# Visual Studio 14
VisualStudioVersion = 14.0.22823.1
MinimumVisualStudioVersion = 10.0.40219.1
Project("{FAE04EC0-301F-11D3-BF4B-00C04F79EFBC}") = "TestApplication", "TestApplication\TestApplication.csproj", "{30EEC409-F411-4D9F-9EA5-593B5C26E697}"
EndProject
Project("{FAE04EC0-301F-11D3-BF4B-00C04F79EFBC}") = "TestRewriter", "TestRewriter\TestRewriter.csproj", "{9E7B4EFE-B556-4AC6-9A66-170B0384A6BE}"
EndProject
Project("{2150E333-8FDC-42A3-9474-1A3956D46DE8}") = "cecil", "cecil", "{DB07EBD6-D1EF-45CA-B86D-40BBE8CC2F10}"
EndProject
Project("{FAE04EC0-301F-11D3-BF4B-00C04F79EFBC}") = "Mono.Cecil", "cecil\Mono.Cecil.csproj", "{D68133BD-1E63-496E-9EDE-4FBDBF77B486}"
EndProject
Project("{FAE04EC0-301F-11D3-BF4B-00C04F79EFBC}") = "Mono.Cecil.Pdb", "cecil\symbols\pdb\Mono.Cecil.Pdb.csproj", "{63E6915C-7EA4-4D76-AB28-0D7191EEA626}"
EndProject
Project("{FAE04EC0-301F-11D3-BF4B-00C04F79EFBC}") = "Mono.Cecil.Rocks", "cecil\rocks\Mono.Cecil.Rocks.csproj", "{FBC6DD59-D09D-499C-B03C-99C1C78FF2AC}"
EndProject
Project("{FAE04EC0-301F-11D3-BF4B-00C04F79EFBC}") = "ExtensibleILRewriter", "ExtensibleILRewriter\ExtensibleILRewriter.csproj", "{B8631325-D271-4581-8D79-6C1BBDB83464}"
EndProject
Project("{FAE04EC0-301F-11D3-BF4B-00C04F79EFBC}") = "ExtensibleILRewriter.MsBuild", "ExtensibleILRewriter.MsBuild\ExtensibleILRewriter.MsBuild.csproj", "{83A13B00-286B-41C1-B632-2430DFE62707}"
EndProject
Project("{FAE04EC0-301F-11D3-BF4B-00C04F79EFBC}") = "ExtensibleILRewriter.Tests", "ExtensibleILRewriter.Tests\ExtensibleILRewriter.Tests.csproj", "{248ECEF0-D798-4E3A-AFFE-2F770DC4F18D}"
EndProject
Project("{2150E333-8FDC-42A3-9474-1A3956D46DE8}") = "Solution Items", "Solution Items", "{9EBAE889-371C-420C-9017-761B7D78F36E}"
	ProjectSection(SolutionItems) = preProject
		ExtensibleILRewriter.ruleset = ExtensibleILRewriter.ruleset
	EndProjectSection
EndProject
Global
	GlobalSection(SolutionConfigurationPlatforms) = preSolution
		Debug|Any CPU = Debug|Any CPU
		net_2_0_Debug|Any CPU = net_2_0_Debug|Any CPU
		net_2_0_Release|Any CPU = net_2_0_Release|Any CPU
		net_3_5_Debug|Any CPU = net_3_5_Debug|Any CPU
		net_3_5_Release|Any CPU = net_3_5_Release|Any CPU
		net_4_0_Debug|Any CPU = net_4_0_Debug|Any CPU
		net_4_0_Release|Any CPU = net_4_0_Release|Any CPU
		net_4_5_Debug|Any CPU = net_4_5_Debug|Any CPU
		net_4_5_Release|Any CPU = net_4_5_Release|Any CPU
		Release|Any CPU = Release|Any CPU
		silverlight_Debug|Any CPU = silverlight_Debug|Any CPU
		silverlight_Release|Any CPU = silverlight_Release|Any CPU
		winphone_Debug|Any CPU = winphone_Debug|Any CPU
		winphone_Release|Any CPU = winphone_Release|Any CPU
	EndGlobalSection
	GlobalSection(ProjectConfigurationPlatforms) = postSolution
		{30EEC409-F411-4D9F-9EA5-593B5C26E697}.Debug|Any CPU.ActiveCfg = Debug|Any CPU
		{30EEC409-F411-4D9F-9EA5-593B5C26E697}.Debug|Any CPU.Build.0 = Debug|Any CPU
		{30EEC409-F411-4D9F-9EA5-593B5C26E697}.net_2_0_Debug|Any CPU.ActiveCfg = Debug|Any CPU
		{30EEC409-F411-4D9F-9EA5-593B5C26E697}.net_2_0_Release|Any CPU.ActiveCfg = Release|Any CPU
		{30EEC409-F411-4D9F-9EA5-593B5C26E697}.net_3_5_Debug|Any CPU.ActiveCfg = Debug|Any CPU
		{30EEC409-F411-4D9F-9EA5-593B5C26E697}.net_3_5_Release|Any CPU.ActiveCfg = Release|Any CPU
		{30EEC409-F411-4D9F-9EA5-593B5C26E697}.net_4_0_Debug|Any CPU.ActiveCfg = Debug|Any CPU
		{30EEC409-F411-4D9F-9EA5-593B5C26E697}.net_4_0_Release|Any CPU.ActiveCfg = Release|Any CPU
		{30EEC409-F411-4D9F-9EA5-593B5C26E697}.net_4_5_Debug|Any CPU.ActiveCfg = Debug|Any CPU
		{30EEC409-F411-4D9F-9EA5-593B5C26E697}.net_4_5_Release|Any CPU.ActiveCfg = Release|Any CPU
		{30EEC409-F411-4D9F-9EA5-593B5C26E697}.Release|Any CPU.ActiveCfg = Release|Any CPU
		{30EEC409-F411-4D9F-9EA5-593B5C26E697}.Release|Any CPU.Build.0 = Release|Any CPU
		{30EEC409-F411-4D9F-9EA5-593B5C26E697}.silverlight_Debug|Any CPU.ActiveCfg = Debug|Any CPU
		{30EEC409-F411-4D9F-9EA5-593B5C26E697}.silverlight_Release|Any CPU.ActiveCfg = Release|Any CPU
		{30EEC409-F411-4D9F-9EA5-593B5C26E697}.winphone_Debug|Any CPU.ActiveCfg = Debug|Any CPU
		{30EEC409-F411-4D9F-9EA5-593B5C26E697}.winphone_Release|Any CPU.ActiveCfg = Release|Any CPU
		{9E7B4EFE-B556-4AC6-9A66-170B0384A6BE}.Debug|Any CPU.ActiveCfg = Debug|Any CPU
		{9E7B4EFE-B556-4AC6-9A66-170B0384A6BE}.Debug|Any CPU.Build.0 = Debug|Any CPU
		{9E7B4EFE-B556-4AC6-9A66-170B0384A6BE}.net_2_0_Debug|Any CPU.ActiveCfg = Debug|Any CPU
		{9E7B4EFE-B556-4AC6-9A66-170B0384A6BE}.net_2_0_Debug|Any CPU.Build.0 = Debug|Any CPU
		{9E7B4EFE-B556-4AC6-9A66-170B0384A6BE}.net_2_0_Release|Any CPU.ActiveCfg = Release|Any CPU
		{9E7B4EFE-B556-4AC6-9A66-170B0384A6BE}.net_2_0_Release|Any CPU.Build.0 = Release|Any CPU
		{9E7B4EFE-B556-4AC6-9A66-170B0384A6BE}.net_3_5_Debug|Any CPU.ActiveCfg = Debug|Any CPU
		{9E7B4EFE-B556-4AC6-9A66-170B0384A6BE}.net_3_5_Debug|Any CPU.Build.0 = Debug|Any CPU
		{9E7B4EFE-B556-4AC6-9A66-170B0384A6BE}.net_3_5_Release|Any CPU.ActiveCfg = Release|Any CPU
		{9E7B4EFE-B556-4AC6-9A66-170B0384A6BE}.net_3_5_Release|Any CPU.Build.0 = Release|Any CPU
		{9E7B4EFE-B556-4AC6-9A66-170B0384A6BE}.net_4_0_Debug|Any CPU.ActiveCfg = Debug|Any CPU
		{9E7B4EFE-B556-4AC6-9A66-170B0384A6BE}.net_4_0_Debug|Any CPU.Build.0 = Debug|Any CPU
		{9E7B4EFE-B556-4AC6-9A66-170B0384A6BE}.net_4_0_Release|Any CPU.ActiveCfg = Release|Any CPU
		{9E7B4EFE-B556-4AC6-9A66-170B0384A6BE}.net_4_0_Release|Any CPU.Build.0 = Release|Any CPU
		{9E7B4EFE-B556-4AC6-9A66-170B0384A6BE}.net_4_5_Debug|Any CPU.ActiveCfg = Debug|Any CPU
		{9E7B4EFE-B556-4AC6-9A66-170B0384A6BE}.net_4_5_Debug|Any CPU.Build.0 = Debug|Any CPU
		{9E7B4EFE-B556-4AC6-9A66-170B0384A6BE}.net_4_5_Release|Any CPU.ActiveCfg = Release|Any CPU
		{9E7B4EFE-B556-4AC6-9A66-170B0384A6BE}.net_4_5_Release|Any CPU.Build.0 = Release|Any CPU
		{9E7B4EFE-B556-4AC6-9A66-170B0384A6BE}.Release|Any CPU.ActiveCfg = Release|Any CPU
		{9E7B4EFE-B556-4AC6-9A66-170B0384A6BE}.Release|Any CPU.Build.0 = Release|Any CPU
		{9E7B4EFE-B556-4AC6-9A66-170B0384A6BE}.silverlight_Debug|Any CPU.ActiveCfg = Debug|Any CPU
		{9E7B4EFE-B556-4AC6-9A66-170B0384A6BE}.silverlight_Debug|Any CPU.Build.0 = Debug|Any CPU
		{9E7B4EFE-B556-4AC6-9A66-170B0384A6BE}.silverlight_Release|Any CPU.ActiveCfg = Release|Any CPU
		{9E7B4EFE-B556-4AC6-9A66-170B0384A6BE}.silverlight_Release|Any CPU.Build.0 = Release|Any CPU
		{9E7B4EFE-B556-4AC6-9A66-170B0384A6BE}.winphone_Debug|Any CPU.ActiveCfg = Debug|Any CPU
		{9E7B4EFE-B556-4AC6-9A66-170B0384A6BE}.winphone_Debug|Any CPU.Build.0 = Debug|Any CPU
		{9E7B4EFE-B556-4AC6-9A66-170B0384A6BE}.winphone_Release|Any CPU.ActiveCfg = Release|Any CPU
		{9E7B4EFE-B556-4AC6-9A66-170B0384A6BE}.winphone_Release|Any CPU.Build.0 = Release|Any CPU
		{D68133BD-1E63-496E-9EDE-4FBDBF77B486}.Debug|Any CPU.ActiveCfg = net_4_5_Debug|Any CPU
		{D68133BD-1E63-496E-9EDE-4FBDBF77B486}.Debug|Any CPU.Build.0 = net_4_5_Debug|Any CPU
		{D68133BD-1E63-496E-9EDE-4FBDBF77B486}.net_2_0_Debug|Any CPU.ActiveCfg = net_2_0_Debug|Any CPU
		{D68133BD-1E63-496E-9EDE-4FBDBF77B486}.net_2_0_Debug|Any CPU.Build.0 = net_2_0_Debug|Any CPU
		{D68133BD-1E63-496E-9EDE-4FBDBF77B486}.net_2_0_Release|Any CPU.ActiveCfg = net_2_0_Release|Any CPU
		{D68133BD-1E63-496E-9EDE-4FBDBF77B486}.net_2_0_Release|Any CPU.Build.0 = net_2_0_Release|Any CPU
		{D68133BD-1E63-496E-9EDE-4FBDBF77B486}.net_3_5_Debug|Any CPU.ActiveCfg = net_3_5_Debug|Any CPU
		{D68133BD-1E63-496E-9EDE-4FBDBF77B486}.net_3_5_Debug|Any CPU.Build.0 = net_3_5_Debug|Any CPU
		{D68133BD-1E63-496E-9EDE-4FBDBF77B486}.net_3_5_Release|Any CPU.ActiveCfg = net_3_5_Release|Any CPU
		{D68133BD-1E63-496E-9EDE-4FBDBF77B486}.net_3_5_Release|Any CPU.Build.0 = net_3_5_Release|Any CPU
		{D68133BD-1E63-496E-9EDE-4FBDBF77B486}.net_4_0_Debug|Any CPU.ActiveCfg = net_4_0_Debug|Any CPU
		{D68133BD-1E63-496E-9EDE-4FBDBF77B486}.net_4_0_Debug|Any CPU.Build.0 = net_4_0_Debug|Any CPU
		{D68133BD-1E63-496E-9EDE-4FBDBF77B486}.net_4_0_Release|Any CPU.ActiveCfg = net_4_0_Release|Any CPU
		{D68133BD-1E63-496E-9EDE-4FBDBF77B486}.net_4_0_Release|Any CPU.Build.0 = net_4_0_Release|Any CPU
		{D68133BD-1E63-496E-9EDE-4FBDBF77B486}.net_4_5_Debug|Any CPU.ActiveCfg = net_4_5_Debug|Any CPU
		{D68133BD-1E63-496E-9EDE-4FBDBF77B486}.net_4_5_Debug|Any CPU.Build.0 = net_4_5_Debug|Any CPU
		{D68133BD-1E63-496E-9EDE-4FBDBF77B486}.net_4_5_Release|Any CPU.ActiveCfg = net_4_5_Release|Any CPU
		{D68133BD-1E63-496E-9EDE-4FBDBF77B486}.net_4_5_Release|Any CPU.Build.0 = net_4_5_Release|Any CPU
		{D68133BD-1E63-496E-9EDE-4FBDBF77B486}.Release|Any CPU.ActiveCfg = net_4_5_Release|Any CPU
		{D68133BD-1E63-496E-9EDE-4FBDBF77B486}.Release|Any CPU.Build.0 = net_4_5_Release|Any CPU
		{D68133BD-1E63-496E-9EDE-4FBDBF77B486}.silverlight_Debug|Any CPU.ActiveCfg = silverlight_Debug|Any CPU
		{D68133BD-1E63-496E-9EDE-4FBDBF77B486}.silverlight_Debug|Any CPU.Build.0 = silverlight_Debug|Any CPU
		{D68133BD-1E63-496E-9EDE-4FBDBF77B486}.silverlight_Release|Any CPU.ActiveCfg = silverlight_Release|Any CPU
		{D68133BD-1E63-496E-9EDE-4FBDBF77B486}.silverlight_Release|Any CPU.Build.0 = silverlight_Release|Any CPU
		{D68133BD-1E63-496E-9EDE-4FBDBF77B486}.winphone_Debug|Any CPU.ActiveCfg = winphone_Debug|Any CPU
		{D68133BD-1E63-496E-9EDE-4FBDBF77B486}.winphone_Debug|Any CPU.Build.0 = winphone_Debug|Any CPU
		{D68133BD-1E63-496E-9EDE-4FBDBF77B486}.winphone_Release|Any CPU.ActiveCfg = winphone_Release|Any CPU
		{D68133BD-1E63-496E-9EDE-4FBDBF77B486}.winphone_Release|Any CPU.Build.0 = winphone_Release|Any CPU
		{63E6915C-7EA4-4D76-AB28-0D7191EEA626}.Debug|Any CPU.ActiveCfg = net_4_5_Debug|Any CPU
		{63E6915C-7EA4-4D76-AB28-0D7191EEA626}.Debug|Any CPU.Build.0 = net_4_5_Debug|Any CPU
		{63E6915C-7EA4-4D76-AB28-0D7191EEA626}.net_2_0_Debug|Any CPU.ActiveCfg = net_2_0_Debug|Any CPU
		{63E6915C-7EA4-4D76-AB28-0D7191EEA626}.net_2_0_Debug|Any CPU.Build.0 = net_2_0_Debug|Any CPU
		{63E6915C-7EA4-4D76-AB28-0D7191EEA626}.net_2_0_Release|Any CPU.ActiveCfg = net_2_0_Release|Any CPU
		{63E6915C-7EA4-4D76-AB28-0D7191EEA626}.net_2_0_Release|Any CPU.Build.0 = net_2_0_Release|Any CPU
		{63E6915C-7EA4-4D76-AB28-0D7191EEA626}.net_3_5_Debug|Any CPU.ActiveCfg = net_3_5_Debug|Any CPU
		{63E6915C-7EA4-4D76-AB28-0D7191EEA626}.net_3_5_Debug|Any CPU.Build.0 = net_3_5_Debug|Any CPU
		{63E6915C-7EA4-4D76-AB28-0D7191EEA626}.net_3_5_Release|Any CPU.ActiveCfg = net_3_5_Release|Any CPU
		{63E6915C-7EA4-4D76-AB28-0D7191EEA626}.net_3_5_Release|Any CPU.Build.0 = net_3_5_Release|Any CPU
		{63E6915C-7EA4-4D76-AB28-0D7191EEA626}.net_4_0_Debug|Any CPU.ActiveCfg = net_4_0_Debug|Any CPU
		{63E6915C-7EA4-4D76-AB28-0D7191EEA626}.net_4_0_Debug|Any CPU.Build.0 = net_4_0_Debug|Any CPU
		{63E6915C-7EA4-4D76-AB28-0D7191EEA626}.net_4_0_Release|Any CPU.ActiveCfg = net_4_0_Release|Any CPU
		{63E6915C-7EA4-4D76-AB28-0D7191EEA626}.net_4_0_Release|Any CPU.Build.0 = net_4_0_Release|Any CPU
		{63E6915C-7EA4-4D76-AB28-0D7191EEA626}.net_4_5_Debug|Any CPU.ActiveCfg = net_4_5_Debug|Any CPU
		{63E6915C-7EA4-4D76-AB28-0D7191EEA626}.net_4_5_Debug|Any CPU.Build.0 = net_4_5_Debug|Any CPU
		{63E6915C-7EA4-4D76-AB28-0D7191EEA626}.net_4_5_Release|Any CPU.ActiveCfg = net_4_5_Release|Any CPU
		{63E6915C-7EA4-4D76-AB28-0D7191EEA626}.net_4_5_Release|Any CPU.Build.0 = net_4_5_Release|Any CPU
		{63E6915C-7EA4-4D76-AB28-0D7191EEA626}.Release|Any CPU.ActiveCfg = net_4_5_Release|Any CPU
		{63E6915C-7EA4-4D76-AB28-0D7191EEA626}.Release|Any CPU.Build.0 = net_4_5_Release|Any CPU
		{63E6915C-7EA4-4D76-AB28-0D7191EEA626}.silverlight_Debug|Any CPU.ActiveCfg = silverlight_Debug|Any CPU
		{63E6915C-7EA4-4D76-AB28-0D7191EEA626}.silverlight_Debug|Any CPU.Build.0 = silverlight_Debug|Any CPU
		{63E6915C-7EA4-4D76-AB28-0D7191EEA626}.silverlight_Release|Any CPU.ActiveCfg = silverlight_Release|Any CPU
		{63E6915C-7EA4-4D76-AB28-0D7191EEA626}.silverlight_Release|Any CPU.Build.0 = silverlight_Release|Any CPU
		{63E6915C-7EA4-4D76-AB28-0D7191EEA626}.winphone_Debug|Any CPU.ActiveCfg = winphone_Debug|Any CPU
		{63E6915C-7EA4-4D76-AB28-0D7191EEA626}.winphone_Debug|Any CPU.Build.0 = winphone_Debug|Any CPU
		{63E6915C-7EA4-4D76-AB28-0D7191EEA626}.winphone_Release|Any CPU.ActiveCfg = winphone_Release|Any CPU
		{63E6915C-7EA4-4D76-AB28-0D7191EEA626}.winphone_Release|Any CPU.Build.0 = winphone_Release|Any CPU
		{FBC6DD59-D09D-499C-B03C-99C1C78FF2AC}.Debug|Any CPU.ActiveCfg = net_4_5_Debug|Any CPU
		{FBC6DD59-D09D-499C-B03C-99C1C78FF2AC}.Debug|Any CPU.Build.0 = net_4_5_Debug|Any CPU
		{FBC6DD59-D09D-499C-B03C-99C1C78FF2AC}.net_2_0_Debug|Any CPU.ActiveCfg = net_2_0_Debug|Any CPU
		{FBC6DD59-D09D-499C-B03C-99C1C78FF2AC}.net_2_0_Debug|Any CPU.Build.0 = net_2_0_Debug|Any CPU
		{FBC6DD59-D09D-499C-B03C-99C1C78FF2AC}.net_2_0_Release|Any CPU.ActiveCfg = net_2_0_Release|Any CPU
		{FBC6DD59-D09D-499C-B03C-99C1C78FF2AC}.net_2_0_Release|Any CPU.Build.0 = net_2_0_Release|Any CPU
		{FBC6DD59-D09D-499C-B03C-99C1C78FF2AC}.net_3_5_Debug|Any CPU.ActiveCfg = net_3_5_Debug|Any CPU
		{FBC6DD59-D09D-499C-B03C-99C1C78FF2AC}.net_3_5_Debug|Any CPU.Build.0 = net_3_5_Debug|Any CPU
		{FBC6DD59-D09D-499C-B03C-99C1C78FF2AC}.net_3_5_Release|Any CPU.ActiveCfg = net_3_5_Release|Any CPU
		{FBC6DD59-D09D-499C-B03C-99C1C78FF2AC}.net_3_5_Release|Any CPU.Build.0 = net_3_5_Release|Any CPU
		{FBC6DD59-D09D-499C-B03C-99C1C78FF2AC}.net_4_0_Debug|Any CPU.ActiveCfg = net_4_0_Debug|Any CPU
		{FBC6DD59-D09D-499C-B03C-99C1C78FF2AC}.net_4_0_Debug|Any CPU.Build.0 = net_4_0_Debug|Any CPU
		{FBC6DD59-D09D-499C-B03C-99C1C78FF2AC}.net_4_0_Release|Any CPU.ActiveCfg = net_4_0_Release|Any CPU
		{FBC6DD59-D09D-499C-B03C-99C1C78FF2AC}.net_4_0_Release|Any CPU.Build.0 = net_4_0_Release|Any CPU
		{FBC6DD59-D09D-499C-B03C-99C1C78FF2AC}.net_4_5_Debug|Any CPU.ActiveCfg = net_4_5_Debug|Any CPU
		{FBC6DD59-D09D-499C-B03C-99C1C78FF2AC}.net_4_5_Debug|Any CPU.Build.0 = net_4_5_Debug|Any CPU
		{FBC6DD59-D09D-499C-B03C-99C1C78FF2AC}.net_4_5_Release|Any CPU.ActiveCfg = net_4_5_Release|Any CPU
		{FBC6DD59-D09D-499C-B03C-99C1C78FF2AC}.net_4_5_Release|Any CPU.Build.0 = net_4_5_Release|Any CPU
		{FBC6DD59-D09D-499C-B03C-99C1C78FF2AC}.Release|Any CPU.ActiveCfg = net_4_5_Release|Any CPU
		{FBC6DD59-D09D-499C-B03C-99C1C78FF2AC}.Release|Any CPU.Build.0 = net_4_5_Release|Any CPU
		{FBC6DD59-D09D-499C-B03C-99C1C78FF2AC}.silverlight_Debug|Any CPU.ActiveCfg = silverlight_Debug|Any CPU
		{FBC6DD59-D09D-499C-B03C-99C1C78FF2AC}.silverlight_Debug|Any CPU.Build.0 = silverlight_Debug|Any CPU
		{FBC6DD59-D09D-499C-B03C-99C1C78FF2AC}.silverlight_Release|Any CPU.ActiveCfg = silverlight_Release|Any CPU
		{FBC6DD59-D09D-499C-B03C-99C1C78FF2AC}.silverlight_Release|Any CPU.Build.0 = silverlight_Release|Any CPU
		{FBC6DD59-D09D-499C-B03C-99C1C78FF2AC}.winphone_Debug|Any CPU.ActiveCfg = winphone_Debug|Any CPU
		{FBC6DD59-D09D-499C-B03C-99C1C78FF2AC}.winphone_Debug|Any CPU.Build.0 = winphone_Debug|Any CPU
		{FBC6DD59-D09D-499C-B03C-99C1C78FF2AC}.winphone_Release|Any CPU.ActiveCfg = winphone_Release|Any CPU
		{FBC6DD59-D09D-499C-B03C-99C1C78FF2AC}.winphone_Release|Any CPU.Build.0 = winphone_Release|Any CPU
		{B8631325-D271-4581-8D79-6C1BBDB83464}.Debug|Any CPU.ActiveCfg = Debug|Any CPU
		{B8631325-D271-4581-8D79-6C1BBDB83464}.Debug|Any CPU.Build.0 = Debug|Any CPU
		{B8631325-D271-4581-8D79-6C1BBDB83464}.net_2_0_Debug|Any CPU.ActiveCfg = Debug|Any CPU
		{B8631325-D271-4581-8D79-6C1BBDB83464}.net_2_0_Debug|Any CPU.Build.0 = Debug|Any CPU
		{B8631325-D271-4581-8D79-6C1BBDB83464}.net_2_0_Release|Any CPU.ActiveCfg = Release|Any CPU
		{B8631325-D271-4581-8D79-6C1BBDB83464}.net_2_0_Release|Any CPU.Build.0 = Release|Any CPU
		{B8631325-D271-4581-8D79-6C1BBDB83464}.net_3_5_Debug|Any CPU.ActiveCfg = Debug|Any CPU
		{B8631325-D271-4581-8D79-6C1BBDB83464}.net_3_5_Debug|Any CPU.Build.0 = Debug|Any CPU
		{B8631325-D271-4581-8D79-6C1BBDB83464}.net_3_5_Release|Any CPU.ActiveCfg = Release|Any CPU
		{B8631325-D271-4581-8D79-6C1BBDB83464}.net_3_5_Release|Any CPU.Build.0 = Release|Any CPU
		{B8631325-D271-4581-8D79-6C1BBDB83464}.net_4_0_Debug|Any CPU.ActiveCfg = Debug|Any CPU
		{B8631325-D271-4581-8D79-6C1BBDB83464}.net_4_0_Debug|Any CPU.Build.0 = Debug|Any CPU
		{B8631325-D271-4581-8D79-6C1BBDB83464}.net_4_0_Release|Any CPU.ActiveCfg = Release|Any CPU
		{B8631325-D271-4581-8D79-6C1BBDB83464}.net_4_0_Release|Any CPU.Build.0 = Release|Any CPU
		{B8631325-D271-4581-8D79-6C1BBDB83464}.net_4_5_Debug|Any CPU.ActiveCfg = Debug|Any CPU
		{B8631325-D271-4581-8D79-6C1BBDB83464}.net_4_5_Debug|Any CPU.Build.0 = Debug|Any CPU
		{B8631325-D271-4581-8D79-6C1BBDB83464}.net_4_5_Release|Any CPU.ActiveCfg = Release|Any CPU
		{B8631325-D271-4581-8D79-6C1BBDB83464}.net_4_5_Release|Any CPU.Build.0 = Release|Any CPU
		{B8631325-D271-4581-8D79-6C1BBDB83464}.Release|Any CPU.ActiveCfg = Release|Any CPU
		{B8631325-D271-4581-8D79-6C1BBDB83464}.Release|Any CPU.Build.0 = Release|Any CPU
		{B8631325-D271-4581-8D79-6C1BBDB83464}.silverlight_Debug|Any CPU.ActiveCfg = Debug|Any CPU
		{B8631325-D271-4581-8D79-6C1BBDB83464}.silverlight_Debug|Any CPU.Build.0 = Debug|Any CPU
		{B8631325-D271-4581-8D79-6C1BBDB83464}.silverlight_Release|Any CPU.ActiveCfg = Release|Any CPU
		{B8631325-D271-4581-8D79-6C1BBDB83464}.silverlight_Release|Any CPU.Build.0 = Release|Any CPU
		{B8631325-D271-4581-8D79-6C1BBDB83464}.winphone_Debug|Any CPU.ActiveCfg = Debug|Any CPU
		{B8631325-D271-4581-8D79-6C1BBDB83464}.winphone_Debug|Any CPU.Build.0 = Debug|Any CPU
		{B8631325-D271-4581-8D79-6C1BBDB83464}.winphone_Release|Any CPU.ActiveCfg = Release|Any CPU
		{B8631325-D271-4581-8D79-6C1BBDB83464}.winphone_Release|Any CPU.Build.0 = Release|Any CPU
		{83A13B00-286B-41C1-B632-2430DFE62707}.Debug|Any CPU.ActiveCfg = Debug|Any CPU
		{83A13B00-286B-41C1-B632-2430DFE62707}.Debug|Any CPU.Build.0 = Debug|Any CPU
		{83A13B00-286B-41C1-B632-2430DFE62707}.net_2_0_Debug|Any CPU.ActiveCfg = Debug|Any CPU
		{83A13B00-286B-41C1-B632-2430DFE62707}.net_2_0_Debug|Any CPU.Build.0 = Debug|Any CPU
		{83A13B00-286B-41C1-B632-2430DFE62707}.net_2_0_Release|Any CPU.ActiveCfg = Release|Any CPU
		{83A13B00-286B-41C1-B632-2430DFE62707}.net_2_0_Release|Any CPU.Build.0 = Release|Any CPU
		{83A13B00-286B-41C1-B632-2430DFE62707}.net_3_5_Debug|Any CPU.ActiveCfg = Debug|Any CPU
		{83A13B00-286B-41C1-B632-2430DFE62707}.net_3_5_Debug|Any CPU.Build.0 = Debug|Any CPU
		{83A13B00-286B-41C1-B632-2430DFE62707}.net_3_5_Release|Any CPU.ActiveCfg = Release|Any CPU
		{83A13B00-286B-41C1-B632-2430DFE62707}.net_3_5_Release|Any CPU.Build.0 = Release|Any CPU
		{83A13B00-286B-41C1-B632-2430DFE62707}.net_4_0_Debug|Any CPU.ActiveCfg = Debug|Any CPU
		{83A13B00-286B-41C1-B632-2430DFE62707}.net_4_0_Debug|Any CPU.Build.0 = Debug|Any CPU
		{83A13B00-286B-41C1-B632-2430DFE62707}.net_4_0_Release|Any CPU.ActiveCfg = Release|Any CPU
		{83A13B00-286B-41C1-B632-2430DFE62707}.net_4_0_Release|Any CPU.Build.0 = Release|Any CPU
		{83A13B00-286B-41C1-B632-2430DFE62707}.net_4_5_Debug|Any CPU.ActiveCfg = Debug|Any CPU
		{83A13B00-286B-41C1-B632-2430DFE62707}.net_4_5_Debug|Any CPU.Build.0 = Debug|Any CPU
		{83A13B00-286B-41C1-B632-2430DFE62707}.net_4_5_Release|Any CPU.ActiveCfg = Release|Any CPU
		{83A13B00-286B-41C1-B632-2430DFE62707}.net_4_5_Release|Any CPU.Build.0 = Release|Any CPU
		{83A13B00-286B-41C1-B632-2430DFE62707}.Release|Any CPU.ActiveCfg = Release|Any CPU
		{83A13B00-286B-41C1-B632-2430DFE62707}.Release|Any CPU.Build.0 = Release|Any CPU
		{83A13B00-286B-41C1-B632-2430DFE62707}.silverlight_Debug|Any CPU.ActiveCfg = Debug|Any CPU
		{83A13B00-286B-41C1-B632-2430DFE62707}.silverlight_Debug|Any CPU.Build.0 = Debug|Any CPU
		{83A13B00-286B-41C1-B632-2430DFE62707}.silverlight_Release|Any CPU.ActiveCfg = Release|Any CPU
		{83A13B00-286B-41C1-B632-2430DFE62707}.silverlight_Release|Any CPU.Build.0 = Release|Any CPU
		{83A13B00-286B-41C1-B632-2430DFE62707}.winphone_Debug|Any CPU.ActiveCfg = Debug|Any CPU
		{83A13B00-286B-41C1-B632-2430DFE62707}.winphone_Debug|Any CPU.Build.0 = Debug|Any CPU
		{83A13B00-286B-41C1-B632-2430DFE62707}.winphone_Release|Any CPU.ActiveCfg = Release|Any CPU
		{83A13B00-286B-41C1-B632-2430DFE62707}.winphone_Release|Any CPU.Build.0 = Release|Any CPU
		{248ECEF0-D798-4E3A-AFFE-2F770DC4F18D}.Debug|Any CPU.ActiveCfg = Debug|Any CPU
		{248ECEF0-D798-4E3A-AFFE-2F770DC4F18D}.Debug|Any CPU.Build.0 = Debug|Any CPU
		{248ECEF0-D798-4E3A-AFFE-2F770DC4F18D}.net_2_0_Debug|Any CPU.ActiveCfg = Debug|Any CPU
		{248ECEF0-D798-4E3A-AFFE-2F770DC4F18D}.net_2_0_Debug|Any CPU.Build.0 = Debug|Any CPU
		{248ECEF0-D798-4E3A-AFFE-2F770DC4F18D}.net_2_0_Release|Any CPU.ActiveCfg = Release|Any CPU
		{248ECEF0-D798-4E3A-AFFE-2F770DC4F18D}.net_2_0_Release|Any CPU.Build.0 = Release|Any CPU
		{248ECEF0-D798-4E3A-AFFE-2F770DC4F18D}.net_3_5_Debug|Any CPU.ActiveCfg = Debug|Any CPU
		{248ECEF0-D798-4E3A-AFFE-2F770DC4F18D}.net_3_5_Debug|Any CPU.Build.0 = Debug|Any CPU
		{248ECEF0-D798-4E3A-AFFE-2F770DC4F18D}.net_3_5_Release|Any CPU.ActiveCfg = Release|Any CPU
		{248ECEF0-D798-4E3A-AFFE-2F770DC4F18D}.net_3_5_Release|Any CPU.Build.0 = Release|Any CPU
		{248ECEF0-D798-4E3A-AFFE-2F770DC4F18D}.net_4_0_Debug|Any CPU.ActiveCfg = Debug|Any CPU
		{248ECEF0-D798-4E3A-AFFE-2F770DC4F18D}.net_4_0_Debug|Any CPU.Build.0 = Debug|Any CPU
		{248ECEF0-D798-4E3A-AFFE-2F770DC4F18D}.net_4_0_Release|Any CPU.ActiveCfg = Release|Any CPU
		{248ECEF0-D798-4E3A-AFFE-2F770DC4F18D}.net_4_0_Release|Any CPU.Build.0 = Release|Any CPU
		{248ECEF0-D798-4E3A-AFFE-2F770DC4F18D}.net_4_5_Debug|Any CPU.ActiveCfg = Debug|Any CPU
		{248ECEF0-D798-4E3A-AFFE-2F770DC4F18D}.net_4_5_Debug|Any CPU.Build.0 = Debug|Any CPU
		{248ECEF0-D798-4E3A-AFFE-2F770DC4F18D}.net_4_5_Release|Any CPU.ActiveCfg = Release|Any CPU
		{248ECEF0-D798-4E3A-AFFE-2F770DC4F18D}.net_4_5_Release|Any CPU.Build.0 = Release|Any CPU
		{248ECEF0-D798-4E3A-AFFE-2F770DC4F18D}.Release|Any CPU.ActiveCfg = Release|Any CPU
		{248ECEF0-D798-4E3A-AFFE-2F770DC4F18D}.Release|Any CPU.Build.0 = Release|Any CPU
		{248ECEF0-D798-4E3A-AFFE-2F770DC4F18D}.silverlight_Debug|Any CPU.ActiveCfg = Debug|Any CPU
		{248ECEF0-D798-4E3A-AFFE-2F770DC4F18D}.silverlight_Debug|Any CPU.Build.0 = Debug|Any CPU
		{248ECEF0-D798-4E3A-AFFE-2F770DC4F18D}.silverlight_Release|Any CPU.ActiveCfg = Release|Any CPU
		{248ECEF0-D798-4E3A-AFFE-2F770DC4F18D}.silverlight_Release|Any CPU.Build.0 = Release|Any CPU
		{248ECEF0-D798-4E3A-AFFE-2F770DC4F18D}.winphone_Debug|Any CPU.ActiveCfg = Debug|Any CPU
		{248ECEF0-D798-4E3A-AFFE-2F770DC4F18D}.winphone_Debug|Any CPU.Build.0 = Debug|Any CPU
		{248ECEF0-D798-4E3A-AFFE-2F770DC4F18D}.winphone_Release|Any CPU.ActiveCfg = Release|Any CPU
		{248ECEF0-D798-4E3A-AFFE-2F770DC4F18D}.winphone_Release|Any CPU.Build.0 = Release|Any CPU
	EndGlobalSection
	GlobalSection(SolutionProperties) = preSolution
		HideSolutionNode = FALSE
	EndGlobalSection
	GlobalSection(NestedProjects) = preSolution
		{D68133BD-1E63-496E-9EDE-4FBDBF77B486} = {DB07EBD6-D1EF-45CA-B86D-40BBE8CC2F10}
		{63E6915C-7EA4-4D76-AB28-0D7191EEA626} = {DB07EBD6-D1EF-45CA-B86D-40BBE8CC2F10}
		{FBC6DD59-D09D-499C-B03C-99C1C78FF2AC} = {DB07EBD6-D1EF-45CA-B86D-40BBE8CC2F10}
	EndGlobalSection
EndGlobal
