
Microsoft Visual Studio Solution File, Format Version 12.00
# Visual Studio 14
VisualStudioVersion = 14.0.22310.1
MinimumVisualStudioVersion = 10.0.40219.1
Project("{FAE04EC0-301F-11D3-BF4B-00C04F79EFBC}") = "ILTools", "ILTools\ILTools.csproj", "{B8631325-D271-4581-8D79-6C1BBDB83464}"
EndProject
Project("{FAE04EC0-301F-11D3-BF4B-00C04F79EFBC}") = "ILTools.MsBuild", "ILTools.MsBuild\ILTools.MsBuild.csproj", "{83A13B00-286B-41C1-B632-2430DFE62707}"
EndProject
Project("{FAE04EC0-301F-11D3-BF4B-00C04F79EFBC}") = "TestApplication", "TestApplication\TestApplication.csproj", "{30EEC409-F411-4D9F-9EA5-593B5C26E697}"
EndProject
Project("{FAE04EC0-301F-11D3-BF4B-00C04F79EFBC}") = "TestRewriter", "TestRewriter\TestRewriter.csproj", "{9E7B4EFE-B556-4AC6-9A66-170B0384A6BE}"
EndProject
Global
	GlobalSection(SolutionConfigurationPlatforms) = preSolution
		Debug|Any CPU = Debug|Any CPU
		Release|Any CPU = Release|Any CPU
	EndGlobalSection
	GlobalSection(ProjectConfigurationPlatforms) = postSolution
		{B8631325-D271-4581-8D79-6C1BBDB83464}.Debug|Any CPU.ActiveCfg = Debug|Any CPU
		{B8631325-D271-4581-8D79-6C1BBDB83464}.Debug|Any CPU.Build.0 = Debug|Any CPU
		{B8631325-D271-4581-8D79-6C1BBDB83464}.Release|Any CPU.ActiveCfg = Release|Any CPU
		{B8631325-D271-4581-8D79-6C1BBDB83464}.Release|Any CPU.Build.0 = Release|Any CPU
		{83A13B00-286B-41C1-B632-2430DFE62707}.Debug|Any CPU.ActiveCfg = Debug|Any CPU
		{83A13B00-286B-41C1-B632-2430DFE62707}.Debug|Any CPU.Build.0 = Debug|Any CPU
		{83A13B00-286B-41C1-B632-2430DFE62707}.Release|Any CPU.ActiveCfg = Release|Any CPU
		{83A13B00-286B-41C1-B632-2430DFE62707}.Release|Any CPU.Build.0 = Release|Any CPU
		{30EEC409-F411-4D9F-9EA5-593B5C26E697}.Debug|Any CPU.ActiveCfg = Debug|Any CPU
		{30EEC409-F411-4D9F-9EA5-593B5C26E697}.Debug|Any CPU.Build.0 = Debug|Any CPU
		{30EEC409-F411-4D9F-9EA5-593B5C26E697}.Release|Any CPU.ActiveCfg = Release|Any CPU
		{30EEC409-F411-4D9F-9EA5-593B5C26E697}.Release|Any CPU.Build.0 = Release|Any CPU
		{9E7B4EFE-B556-4AC6-9A66-170B0384A6BE}.Debug|Any CPU.ActiveCfg = Debug|Any CPU
		{9E7B4EFE-B556-4AC6-9A66-170B0384A6BE}.Debug|Any CPU.Build.0 = Debug|Any CPU
		{9E7B4EFE-B556-4AC6-9A66-170B0384A6BE}.Release|Any CPU.ActiveCfg = Release|Any CPU
		{9E7B4EFE-B556-4AC6-9A66-170B0384A6BE}.Release|Any CPU.Build.0 = Release|Any CPU
	EndGlobalSection
	GlobalSection(SolutionProperties) = preSolution
		HideSolutionNode = FALSE
	EndGlobalSection
EndGlobal
